
Microsoft Visual Studio Solution File, Format Version 12.00
# Visual Studio Version 16
VisualStudioVersion = 16.0.32901.82
MinimumVisualStudioVersion = 10.0.40219.1
Project("{8BC9CEB8-8B4A-11D0-8D11-00A0C91BC942}") = "LaserChessEngine", "LaserChessEngine\LaserChessEngine.vcxproj", "{5E605290-D00C-4A20-8A7D-2E1397D9D64A}"
EndProject
Project("{8BC9CEB8-8B4A-11D0-8D11-00A0C91BC942}") = "LaserChessEngineTest", "LaserChessEngineTest\LaserChessEngineTest.vcxproj", "{A2F9E5B0-26A1-4222-AAD8-359725A10DC7}"
EndProject
Project("{8BC9CEB8-8B4A-11D0-8D11-00A0C91BC942}") = "LaserChessEngineExec", "LaserChessEngineExec\LaserChessEngineExec.vcxproj", "{9537DE42-1782-4DF3-ACD8-503A51BB93DB}"
EndProject
Global
	GlobalSection(SolutionConfigurationPlatforms) = preSolution
		Debug|x64 = Debug|x64
		Debug|x86 = Debug|x86
		Release|x64 = Release|x64
		Release|x86 = Release|x86
	EndGlobalSection
	GlobalSection(ProjectConfigurationPlatforms) = postSolution
		{5E605290-D00C-4A20-8A7D-2E1397D9D64A}.Debug|x64.ActiveCfg = Debug|x64
		{5E605290-D00C-4A20-8A7D-2E1397D9D64A}.Debug|x64.Build.0 = Debug|x64
		{5E605290-D00C-4A20-8A7D-2E1397D9D64A}.Debug|x86.ActiveCfg = Release|Win32
		{5E605290-D00C-4A20-8A7D-2E1397D9D64A}.Debug|x86.Build.0 = Release|Win32
		{5E605290-D00C-4A20-8A7D-2E1397D9D64A}.Release|x64.ActiveCfg = Release|x64
		{5E605290-D00C-4A20-8A7D-2E1397D9D64A}.Release|x64.Build.0 = Release|x64
		{5E605290-D00C-4A20-8A7D-2E1397D9D64A}.Release|x86.ActiveCfg = Release|Win32
		{5E605290-D00C-4A20-8A7D-2E1397D9D64A}.Release|x86.Build.0 = Release|Win32
		{A2F9E5B0-26A1-4222-AAD8-359725A10DC7}.Debug|x64.ActiveCfg = Debug|x64
		{A2F9E5B0-26A1-4222-AAD8-359725A10DC7}.Debug|x64.Build.0 = Debug|x64
		{A2F9E5B0-26A1-4222-AAD8-359725A10DC7}.Debug|x86.ActiveCfg = Release|Win32
		{A2F9E5B0-26A1-4222-AAD8-359725A10DC7}.Debug|x86.Build.0 = Release|Win32
		{A2F9E5B0-26A1-4222-AAD8-359725A10DC7}.Release|x64.ActiveCfg = Release|x64
		{A2F9E5B0-26A1-4222-AAD8-359725A10DC7}.Release|x64.Build.0 = Release|x64
		{A2F9E5B0-26A1-4222-AAD8-359725A10DC7}.Release|x86.ActiveCfg = Release|Win32
		{A2F9E5B0-26A1-4222-AAD8-359725A10DC7}.Release|x86.Build.0 = Release|Win32
		{9537DE42-1782-4DF3-ACD8-503A51BB93DB}.Debug|x64.ActiveCfg = Debug|x64
		{9537DE42-1782-4DF3-ACD8-503A51BB93DB}.Debug|x64.Build.0 = Debug|x64
		{9537DE42-1782-4DF3-ACD8-503A51BB93DB}.Debug|x86.ActiveCfg = Release|Win32
		{9537DE42-1782-4DF3-ACD8-503A51BB93DB}.Debug|x86.Build.0 = Release|Win32
		{9537DE42-1782-4DF3-ACD8-503A51BB93DB}.Release|x64.ActiveCfg = Release|x64
		{9537DE42-1782-4DF3-ACD8-503A51BB93DB}.Release|x64.Build.0 = Release|x64
		{9537DE42-1782-4DF3-ACD8-503A51BB93DB}.Release|x86.ActiveCfg = Release|Win32
		{9537DE42-1782-4DF3-ACD8-503A51BB93DB}.Release|x86.Build.0 = Release|Win32
	EndGlobalSection
	GlobalSection(SolutionProperties) = preSolution
		HideSolutionNode = FALSE
	EndGlobalSection
	GlobalSection(ExtensibilityGlobals) = postSolution
		SolutionGuid = {869C9875-C620-4040-9EA8-78F5EBA3C2CB}
	EndGlobalSection
EndGlobal
